
Microsoft Visual Studio Solution File, Format Version 12.00
# Visual Studio Version 17
VisualStudioVersion = 17.14.36202.13
MinimumVisualStudioVersion = 10.0.40219.1
Project("{FAE04EC0-301F-11D3-BF4B-00C04F79EFBC}") = "SFM_DataAccessLayer", "SFM_DataAccessLayer\SFM_DataAccessLayer.csproj", "{FE44C128-11C6-40CF-8477-5DA841767CFF}"
EndProject
Project("{FAE04EC0-301F-11D3-BF4B-00C04F79EFBC}") = "SFM_ServiceLayer", "SFM_ServiceLayer\SFM_ServiceLayer.csproj", "{FFCB17A9-1878-4B99-B535-16187491F9F1}"
EndProject
Global
	GlobalSection(SolutionConfigurationPlatforms) = preSolution
		Debug|Any CPU = Debug|Any CPU
		Release|Any CPU = Release|Any CPU
	EndGlobalSection
	GlobalSection(ProjectConfigurationPlatforms) = postSolution
		{FE44C128-11C6-40CF-8477-5DA841767CFF}.Debug|Any CPU.ActiveCfg = Debug|Any CPU
		{FE44C128-11C6-40CF-8477-5DA841767CFF}.Debug|Any CPU.Build.0 = Debug|Any CPU
		{FE44C128-11C6-40CF-8477-5DA841767CFF}.Release|Any CPU.ActiveCfg = Release|Any CPU
		{FE44C128-11C6-40CF-8477-5DA841767CFF}.Release|Any CPU.Build.0 = Release|Any CPU
		{FFCB17A9-1878-4B99-B535-16187491F9F1}.Debug|Any CPU.ActiveCfg = Debug|Any CPU
		{FFCB17A9-1878-4B99-B535-16187491F9F1}.Debug|Any CPU.Build.0 = Debug|Any CPU
		{FFCB17A9-1878-4B99-B535-16187491F9F1}.Release|Any CPU.ActiveCfg = Release|Any CPU
		{FFCB17A9-1878-4B99-B535-16187491F9F1}.Release|Any CPU.Build.0 = Release|Any CPU
	EndGlobalSection
	GlobalSection(SolutionProperties) = preSolution
		HideSolutionNode = FALSE
	EndGlobalSection
	GlobalSection(ExtensibilityGlobals) = postSolution
		SolutionGuid = {7CA43178-6542-4ECC-B074-1B5EE216FCA5}
	EndGlobalSection
EndGlobal
